
Microsoft Visual Studio Solution File, Format Version 12.00
# Visual Studio Version 17
VisualStudioVersion = 17.5.33530.505
MinimumVisualStudioVersion = 10.0.40219.1
Project("{FAE04EC0-301F-11D3-BF4B-00C04F79EFBC}") = "WebApplication1", "WebApplication1\WebApplication1.csproj", "{A583ED26-F4D3-4DCA-B75B-659FE482B055}"
EndProject
Global
	GlobalSection(SolutionConfigurationPlatforms) = preSolution
		Debug|Any CPU = Debug|Any CPU
		Release|Any CPU = Release|Any CPU
	EndGlobalSection
	GlobalSection(ProjectConfigurationPlatforms) = postSolution
		{A583ED26-F4D3-4DCA-B75B-659FE482B055}.Debug|Any CPU.ActiveCfg = Debug|Any CPU
		{A583ED26-F4D3-4DCA-B75B-659FE482B055}.Debug|Any CPU.Build.0 = Debug|Any CPU
		{A583ED26-F4D3-4DCA-B75B-659FE482B055}.Release|Any CPU.ActiveCfg = Release|Any CPU
		{A583ED26-F4D3-4DCA-B75B-659FE482B055}.Release|Any CPU.Build.0 = Release|Any CPU
	EndGlobalSection
	GlobalSection(SolutionProperties) = preSolution
		HideSolutionNode = FALSE
	EndGlobalSection
	GlobalSection(ExtensibilityGlobals) = postSolution
		SolutionGuid = {03BB2770-B3F7-4F26-A789-A3E5F519F780}
	EndGlobalSection
EndGlobal
